
Microsoft Visual Studio Solution File, Format Version 12.00
# Visual Studio Version 16
VisualStudioVersion = 16.0.31321.278
MinimumVisualStudioVersion = 10.0.40219.1
Project("{D2ABAB84-BF74-430A-B69E-9DC6D40DDA17}") = "cuboCompras", "..\..\..\..\..\source\repos\cuboCompras\cuboCompras\cuboCompras.dwproj", "{B1DC2059-BBBA-4EA4-BB09-8D7F88926294}"
EndProject
Global
	GlobalSection(SolutionConfigurationPlatforms) = preSolution
		Development|Default = Development|Default
	EndGlobalSection
	GlobalSection(ProjectConfigurationPlatforms) = postSolution
		{B1DC2059-BBBA-4EA4-BB09-8D7F88926294}.Development|Default.ActiveCfg = Development
		{B1DC2059-BBBA-4EA4-BB09-8D7F88926294}.Development|Default.Build.0 = Development
		{B1DC2059-BBBA-4EA4-BB09-8D7F88926294}.Development|Default.Deploy.0 = Development
	EndGlobalSection
	GlobalSection(SolutionProperties) = preSolution
		HideSolutionNode = FALSE
	EndGlobalSection
	GlobalSection(ExtensibilityGlobals) = postSolution
		SolutionGuid = {7C459163-ADD1-4854-B65B-2D530B02DFC8}
	EndGlobalSection
EndGlobal
